github.com/FortAwesome/Font-Awesome v0.0.0-20230327165841-0698449d50f2 h1:Uv1z5EqCfmiK4IHUwT0m3h/u/WCk+kpRfxvAZhpC7Gc=
github.com/FortAwesome/Font-Awesome v0.0.0-20230327165841-0698449d50f2/go.mod h1:IUgezN/MFpCDIlFezw3L8j83oeiIuYoj28Miwr/KUYo=
github.com/defenseunicorns/defense-unicorns-hugo-theme v0.3.13 h1:BSSCGYBpCprdn6r1VlvYqSSiwsYG+nHeFn8NXFX8l5I=
github.com/defenseunicorns/defense-unicorns-hugo-theme v0.3.13/go.mod h1:ECv3qWFAgibD1pTGo+H7kRBrYcqogEB1qV/fTzVpYmI=
github.com/defenseunicorns/defense-unicorns-hugo-theme/dependencies v0.3.13 h1:i4CbyH5EW2xpcD+e+iLt3o2/buRXw2EK4Y+0UOCpBFo=
github.com/defenseunicorns/defense-unicorns-hugo-theme/dependencies v0.3.13/go.mod h1:aJH6RH2FdhPf2HQY8gfInlkQAj6oYq/GmQ+5XKN1HzE=
github.com/twbs/bootstrap v5.3.3+incompatible h1:goFoqinzdHfkeegpFP7pvhbd0g+A3O2hbU3XCjuNrEQ=
github.com/twbs/bootstrap v5.3.3+incompatible/go.mod h1:fZTSrkpSf0/HkL0IIJzvVspTt1r9zuf7XlZau8kpcY0=
